// !$*UTF8*$!
{
	archiveVersion = 1;
	classes = {
	};
	objectVersion = 52;
	objects = {

/* Begin PBXBuildFile section */
		6336151026FC5EFF006B3688 /* TitleView.swift in Sources */ = {isa = PBXBuildFile; fileRef = 6336150E26FC5EFF006B3688 /* TitleView.swift */; };
		6336151126FC5EFF006B3688 /* TitleView.xib in Resources */ = {isa = PBXBuildFile; fileRef = 6336150F26FC5EFF006B3688 /* TitleView.xib */; };
		6336151D26FC76E1006B3688 /* DetailsScreenViewController.storyboard in Resources */ = {isa = PBXBuildFile; fileRef = 6336151826FC76E1006B3688 /* DetailsScreenViewController.storyboard */; };
		6336151E26FC76E1006B3688 /* DetailsScreenModels.swift in Sources */ = {isa = PBXBuildFile; fileRef = 6336151926FC76E1006B3688 /* DetailsScreenModels.swift */; };
		6336151F26FC76E1006B3688 /* DetailsScreenViewController.swift in Sources */ = {isa = PBXBuildFile; fileRef = 6336151A26FC76E1006B3688 /* DetailsScreenViewController.swift */; };
		6336152026FC76E1006B3688 /* DetailsScreenAssembly.swift in Sources */ = {isa = PBXBuildFile; fileRef = 6336151B26FC76E1006B3688 /* DetailsScreenAssembly.swift */; };
		6336152126FC76E1006B3688 /* DetailsScreenViewModel.swift in Sources */ = {isa = PBXBuildFile; fileRef = 6336151C26FC76E1006B3688 /* DetailsScreenViewModel.swift */; };
		6336152C26FDB0F2006B3688 /* ModelArticle.swift in Sources */ = {isa = PBXBuildFile; fileRef = 6336152B26FDB0F2006B3688 /* ModelArticle.swift */; };
		6337A0502710907500DCCB67 /* WebScreenViewController.storyboard in Resources */ = {isa = PBXBuildFile; fileRef = 6337A04B2710907500DCCB67 /* WebScreenViewController.storyboard */; };
		6337A0512710907500DCCB67 /* WebScreenModels.swift in Sources */ = {isa = PBXBuildFile; fileRef = 6337A04C2710907500DCCB67 /* WebScreenModels.swift */; };
		6337A0522710907500DCCB67 /* WebScreenViewController.swift in Sources */ = {isa = PBXBuildFile; fileRef = 6337A04D2710907500DCCB67 /* WebScreenViewController.swift */; };
		6337A0532710907500DCCB67 /* WebScreenAssembly.swift in Sources */ = {isa = PBXBuildFile; fileRef = 6337A04E2710907500DCCB67 /* WebScreenAssembly.swift */; };
		6337A0542710907500DCCB67 /* WebScreenViewModel.swift in Sources */ = {isa = PBXBuildFile; fileRef = 6337A04F2710907500DCCB67 /* WebScreenViewModel.swift */; };
		633DA2B627394CE500C25215 /* DataBase.xcdatamodeld in Sources */ = {isa = PBXBuildFile; fileRef = 633DA2B427394CE500C25215 /* DataBase.xcdatamodeld */; };
		633DA2BA2739811400C25215 /* CDModelArticle+CoreDataClass.swift in Sources */ = {isa = PBXBuildFile; fileRef = 633DA2B82739811400C25215 /* CDModelArticle+CoreDataClass.swift */; };
		633DA2BB2739811400C25215 /* CDModelArticle+CoreDataProperties.swift in Sources */ = {isa = PBXBuildFile; fileRef = 633DA2B92739811400C25215 /* CDModelArticle+CoreDataProperties.swift */; };
		633DA2BE2739823E00C25215 /* DataModels.swift in Sources */ = {isa = PBXBuildFile; fileRef = 633DA2BD2739823E00C25215 /* DataModels.swift */; };
		635B35B0270DC53E003109A1 /* String+Extensions.swift in Sources */ = {isa = PBXBuildFile; fileRef = 635B35AF270DC53E003109A1 /* String+Extensions.swift */; };
		635B35BF270DE5AA003109A1 /* SDWebImage in Frameworks */ = {isa = PBXBuildFile; productRef = 635B35BE270DE5AA003109A1 /* SDWebImage */; };
		6378A9C92701F85F00D60AE7 /* HTTPMethod.swift in Sources */ = {isa = PBXBuildFile; fileRef = 6378A9C82701F85F00D60AE7 /* HTTPMethod.swift */; };
		6378A9CD2701F95B00D60AE7 /* HTTPNetworkError.swift in Sources */ = {isa = PBXBuildFile; fileRef = 6378A9CC2701F95B00D60AE7 /* HTTPNetworkError.swift */; };
		6378A9D12701FA0500D60AE7 /* HTTPNetworkRequest.swift in Sources */ = {isa = PBXBuildFile; fileRef = 6378A9D02701FA0500D60AE7 /* HTTPNetworkRequest.swift */; };
		6378A9D42701FB4900D60AE7 /* HTTPNetworkResponse.swift in Sources */ = {isa = PBXBuildFile; fileRef = 6378A9D32701FB4900D60AE7 /* HTTPNetworkResponse.swift */; };
		6378A9D72701FEB100D60AE7 /* URLEncoder.swift in Sources */ = {isa = PBXBuildFile; fileRef = 6378A9D62701FEB100D60AE7 /* URLEncoder.swift */; };
		6378A9DA2702006100D60AE7 /* Result.swift in Sources */ = {isa = PBXBuildFile; fileRef = 6378A9D92702006100D60AE7 /* Result.swift */; };
		6378A9DD2702018C00D60AE7 /* PostServices.swift in Sources */ = {isa = PBXBuildFile; fileRef = 6378A9DC2702018C00D60AE7 /* PostServices.swift */; };
		63C2689A26F9DDB400B826E7 /* AppDelegate.swift in Sources */ = {isa = PBXBuildFile; fileRef = 63C2689926F9DDB400B826E7 /* AppDelegate.swift */; };
		63C2689C26F9DDB400B826E7 /* SceneDelegate.swift in Sources */ = {isa = PBXBuildFile; fileRef = 63C2689B26F9DDB400B826E7 /* SceneDelegate.swift */; };
		63C268A326F9DDB600B826E7 /* Assets.xcassets in Resources */ = {isa = PBXBuildFile; fileRef = 63C268A226F9DDB600B826E7 /* Assets.xcassets */; };
		63C268A626F9DDB600B826E7 /* LaunchScreen.storyboard in Resources */ = {isa = PBXBuildFile; fileRef = 63C268A426F9DDB600B826E7 /* LaunchScreen.storyboard */; };
		63C268C326F9E12500B826E7 /* MainScreenDataSource.swift in Sources */ = {isa = PBXBuildFile; fileRef = 63C268BD26F9E12500B826E7 /* MainScreenDataSource.swift */; };
		63C268C426F9E12500B826E7 /* MainScreenViewController.storyboard in Resources */ = {isa = PBXBuildFile; fileRef = 63C268BE26F9E12500B826E7 /* MainScreenViewController.storyboard */; };
		63C268C526F9E12500B826E7 /* MainScreenModels.swift in Sources */ = {isa = PBXBuildFile; fileRef = 63C268BF26F9E12500B826E7 /* MainScreenModels.swift */; };
		63C268C626F9E12500B826E7 /* MainScreenViewController.swift in Sources */ = {isa = PBXBuildFile; fileRef = 63C268C026F9E12500B826E7 /* MainScreenViewController.swift */; };
		63C268C726F9E12500B826E7 /* MainScreenAssembly.swift in Sources */ = {isa = PBXBuildFile; fileRef = 63C268C126F9E12500B826E7 /* MainScreenAssembly.swift */; };
		63C268C826F9E12500B826E7 /* MainScreenViewModel.swift in Sources */ = {isa = PBXBuildFile; fileRef = 63C268C226F9E12500B826E7 /* MainScreenViewModel.swift */; };
		63C268DB26F9EE0D00B826E7 /* StoryboardSceneBased.swift in Sources */ = {isa = PBXBuildFile; fileRef = 63C268D326F9EE0C00B826E7 /* StoryboardSceneBased.swift */; };
		63C268DC26F9EE0D00B826E7 /* StoryboardBased.swift in Sources */ = {isa = PBXBuildFile; fileRef = 63C268D426F9EE0C00B826E7 /* StoryboardBased.swift */; };
		63C268DD26F9EE0D00B826E7 /* UICollectionView+Reusable.swift in Sources */ = {isa = PBXBuildFile; fileRef = 63C268D626F9EE0D00B826E7 /* UICollectionView+Reusable.swift */; };
		63C268DE26F9EE0D00B826E7 /* Reusable.swift in Sources */ = {isa = PBXBuildFile; fileRef = 63C268D726F9EE0D00B826E7 /* Reusable.swift */; };
		63C268DF26F9EE0D00B826E7 /* UITableView+Reusable.swift in Sources */ = {isa = PBXBuildFile; fileRef = 63C268D826F9EE0D00B826E7 /* UITableView+Reusable.swift */; };
		63C268E026F9EE0D00B826E7 /* NibLoadable.swift in Sources */ = {isa = PBXBuildFile; fileRef = 63C268D926F9EE0D00B826E7 /* NibLoadable.swift */; };
		63C268E126F9EE0D00B826E7 /* NibOwnerLoadable.swift in Sources */ = {isa = PBXBuildFile; fileRef = 63C268DA26F9EE0D00B826E7 /* NibOwnerLoadable.swift */; };
		63C268EA26F9FCB200B826E7 /* TopCollectionViewCell.swift in Sources */ = {isa = PBXBuildFile; fileRef = 63C268E826F9FCB200B826E7 /* TopCollectionViewCell.swift */; };
		63C268EB26F9FCB200B826E7 /* TopCollectionViewCell.xib in Resources */ = {isa = PBXBuildFile; fileRef = 63C268E926F9FCB200B826E7 /* TopCollectionViewCell.xib */; };
		63C268EF26F9FCCC00B826E7 /* BottomCollectionViewCell.swift in Sources */ = {isa = PBXBuildFile; fileRef = 63C268ED26F9FCCC00B826E7 /* BottomCollectionViewCell.swift */; };
		63C268F026F9FCCC00B826E7 /* BottomCollectionViewCell.xib in Resources */ = {isa = PBXBuildFile; fileRef = 63C268EE26F9FCCC00B826E7 /* BottomCollectionViewCell.xib */; };
/* End PBXBuildFile section */

/* Begin PBXFileReference section */
		6336150E26FC5EFF006B3688 /* TitleView.swift */ = {isa = PBXFileReference; lastKnownFileType = sourcecode.swift; path = TitleView.swift; sourceTree = "<group>"; };
		6336150F26FC5EFF006B3688 /* TitleView.xib */ = {isa = PBXFileReference; lastKnownFileType = file.xib; path = TitleView.xib; sourceTree = "<group>"; };
		6336151826FC76E1006B3688 /* DetailsScreenViewController.storyboard */ = {isa = PBXFileReference; lastKnownFileType = file.storyboard; path = DetailsScreenViewController.storyboard; sourceTree = "<group>"; };
		6336151926FC76E1006B3688 /* DetailsScreenModels.swift */ = {isa = PBXFileReference; lastKnownFileType = sourcecode.swift; path = DetailsScreenModels.swift; sourceTree = "<group>"; };
		6336151A26FC76E1006B3688 /* DetailsScreenViewController.swift */ = {isa = PBXFileReference; lastKnownFileType = sourcecode.swift; path = DetailsScreenViewController.swift; sourceTree = "<group>"; };
		6336151B26FC76E1006B3688 /* DetailsScreenAssembly.swift */ = {isa = PBXFileReference; lastKnownFileType = sourcecode.swift; path = DetailsScreenAssembly.swift; sourceTree = "<group>"; };
		6336151C26FC76E1006B3688 /* DetailsScreenViewModel.swift */ = {isa = PBXFileReference; lastKnownFileType = sourcecode.swift; path = DetailsScreenViewModel.swift; sourceTree = "<group>"; };
		6336152B26FDB0F2006B3688 /* ModelArticle.swift */ = {isa = PBXFileReference; lastKnownFileType = sourcecode.swift; path = ModelArticle.swift; sourceTree = "<group>"; };
		6337A04B2710907500DCCB67 /* WebScreenViewController.storyboard */ = {isa = PBXFileReference; lastKnownFileType = file.storyboard; path = WebScreenViewController.storyboard; sourceTree = "<group>"; };
		6337A04C2710907500DCCB67 /* WebScreenModels.swift */ = {isa = PBXFileReference; lastKnownFileType = sourcecode.swift; path = WebScreenModels.swift; sourceTree = "<group>"; };
		6337A04D2710907500DCCB67 /* WebScreenViewController.swift */ = {isa = PBXFileReference; lastKnownFileType = sourcecode.swift; path = WebScreenViewController.swift; sourceTree = "<group>"; };
		6337A04E2710907500DCCB67 /* WebScreenAssembly.swift */ = {isa = PBXFileReference; lastKnownFileType = sourcecode.swift; path = WebScreenAssembly.swift; sourceTree = "<group>"; };
		6337A04F2710907500DCCB67 /* WebScreenViewModel.swift */ = {isa = PBXFileReference; lastKnownFileType = sourcecode.swift; path = WebScreenViewModel.swift; sourceTree = "<group>"; };
		633DA2B527394CE500C25215 /* DataBase.xcdatamodel */ = {isa = PBXFileReference; lastKnownFileType = wrapper.xcdatamodel; path = DataBase.xcdatamodel; sourceTree = "<group>"; };
		633DA2B82739811400C25215 /* CDModelArticle+CoreDataClass.swift */ = {isa = PBXFileReference; lastKnownFileType = sourcecode.swift; path = "CDModelArticle+CoreDataClass.swift"; sourceTree = "<group>"; };
		633DA2B92739811400C25215 /* CDModelArticle+CoreDataProperties.swift */ = {isa = PBXFileReference; lastKnownFileType = sourcecode.swift; path = "CDModelArticle+CoreDataProperties.swift"; sourceTree = "<group>"; };
		633DA2BD2739823E00C25215 /* DataModels.swift */ = {isa = PBXFileReference; lastKnownFileType = sourcecode.swift; path = DataModels.swift; sourceTree = "<group>"; };
		635B35AF270DC53E003109A1 /* String+Extensions.swift */ = {isa = PBXFileReference; lastKnownFileType = sourcecode.swift; path = "String+Extensions.swift"; sourceTree = "<group>"; };
		6378A9C82701F85F00D60AE7 /* HTTPMethod.swift */ = {isa = PBXFileReference; lastKnownFileType = sourcecode.swift; path = HTTPMethod.swift; sourceTree = "<group>"; };
		6378A9CC2701F95B00D60AE7 /* HTTPNetworkError.swift */ = {isa = PBXFileReference; lastKnownFileType = sourcecode.swift; path = HTTPNetworkError.swift; sourceTree = "<group>"; };
		6378A9D02701FA0500D60AE7 /* HTTPNetworkRequest.swift */ = {isa = PBXFileReference; lastKnownFileType = sourcecode.swift; path = HTTPNetworkRequest.swift; sourceTree = "<group>"; };
		6378A9D32701FB4900D60AE7 /* HTTPNetworkResponse.swift */ = {isa = PBXFileReference; lastKnownFileType = sourcecode.swift; path = HTTPNetworkResponse.swift; sourceTree = "<group>"; };
		6378A9D62701FEB100D60AE7 /* URLEncoder.swift */ = {isa = PBXFileReference; lastKnownFileType = sourcecode.swift; path = URLEncoder.swift; sourceTree = "<group>"; };
		6378A9D92702006100D60AE7 /* Result.swift */ = {isa = PBXFileReference; lastKnownFileType = sourcecode.swift; path = Result.swift; sourceTree = "<group>"; };
		6378A9DC2702018C00D60AE7 /* PostServices.swift */ = {isa = PBXFileReference; lastKnownFileType = sourcecode.swift; path = PostServices.swift; sourceTree = "<group>"; };
		63C2689626F9DDB400B826E7 /* InfiniteScrolling.app */ = {isa = PBXFileReference; explicitFileType = wrapper.application; includeInIndex = 0; path = InfiniteScrolling.app; sourceTree = BUILT_PRODUCTS_DIR; };
		63C2689926F9DDB400B826E7 /* AppDelegate.swift */ = {isa = PBXFileReference; lastKnownFileType = sourcecode.swift; path = AppDelegate.swift; sourceTree = "<group>"; };
		63C2689B26F9DDB400B826E7 /* SceneDelegate.swift */ = {isa = PBXFileReference; lastKnownFileType = sourcecode.swift; path = SceneDelegate.swift; sourceTree = "<group>"; };
		63C268A226F9DDB600B826E7 /* Assets.xcassets */ = {isa = PBXFileReference; lastKnownFileType = folder.assetcatalog; path = Assets.xcassets; sourceTree = "<group>"; };
		63C268A526F9DDB600B826E7 /* Base */ = {isa = PBXFileReference; lastKnownFileType = file.storyboard; name = Base; path = Base.lproj/LaunchScreen.storyboard; sourceTree = "<group>"; };
		63C268A726F9DDB600B826E7 /* Info.plist */ = {isa = PBXFileReference; lastKnownFileType = text.plist.xml; path = Info.plist; sourceTree = "<group>"; };
		63C268BD26F9E12500B826E7 /* MainScreenDataSource.swift */ = {isa = PBXFileReference; lastKnownFileType = sourcecode.swift; path = MainScreenDataSource.swift; sourceTree = "<group>"; };
		63C268BE26F9E12500B826E7 /* MainScreenViewController.storyboard */ = {isa = PBXFileReference; lastKnownFileType = file.storyboard; path = MainScreenViewController.storyboard; sourceTree = "<group>"; };
		63C268BF26F9E12500B826E7 /* MainScreenModels.swift */ = {isa = PBXFileReference; lastKnownFileType = sourcecode.swift; path = MainScreenModels.swift; sourceTree = "<group>"; };
		63C268C026F9E12500B826E7 /* MainScreenViewController.swift */ = {isa = PBXFileReference; lastKnownFileType = sourcecode.swift; path = MainScreenViewController.swift; sourceTree = "<group>"; };
		63C268C126F9E12500B826E7 /* MainScreenAssembly.swift */ = {isa = PBXFileReference; lastKnownFileType = sourcecode.swift; path = MainScreenAssembly.swift; sourceTree = "<group>"; };
		63C268C226F9E12500B826E7 /* MainScreenViewModel.swift */ = {isa = PBXFileReference; lastKnownFileType = sourcecode.swift; path = MainScreenViewModel.swift; sourceTree = "<group>"; };
		63C268D326F9EE0C00B826E7 /* StoryboardSceneBased.swift */ = {isa = PBXFileReference; fileEncoding = 4; lastKnownFileType = sourcecode.swift; path = StoryboardSceneBased.swift; sourceTree = "<group>"; };
		63C268D426F9EE0C00B826E7 /* StoryboardBased.swift */ = {isa = PBXFileReference; fileEncoding = 4; lastKnownFileType = sourcecode.swift; path = StoryboardBased.swift; sourceTree = "<group>"; };
		63C268D626F9EE0D00B826E7 /* UICollectionView+Reusable.swift */ = {isa = PBXFileReference; fileEncoding = 4; lastKnownFileType = sourcecode.swift; path = "UICollectionView+Reusable.swift"; sourceTree = "<group>"; };
		63C268D726F9EE0D00B826E7 /* Reusable.swift */ = {isa = PBXFileReference; fileEncoding = 4; lastKnownFileType = sourcecode.swift; path = Reusable.swift; sourceTree = "<group>"; };
		63C268D826F9EE0D00B826E7 /* UITableView+Reusable.swift */ = {isa = PBXFileReference; fileEncoding = 4; lastKnownFileType = sourcecode.swift; path = "UITableView+Reusable.swift"; sourceTree = "<group>"; };
		63C268D926F9EE0D00B826E7 /* NibLoadable.swift */ = {isa = PBXFileReference; fileEncoding = 4; lastKnownFileType = sourcecode.swift; path = NibLoadable.swift; sourceTree = "<group>"; };
		63C268DA26F9EE0D00B826E7 /* NibOwnerLoadable.swift */ = {isa = PBXFileReference; fileEncoding = 4; lastKnownFileType = sourcecode.swift; path = NibOwnerLoadable.swift; sourceTree = "<group>"; };
		63C268E826F9FCB200B826E7 /* TopCollectionViewCell.swift */ = {isa = PBXFileReference; lastKnownFileType = sourcecode.swift; path = TopCollectionViewCell.swift; sourceTree = "<group>"; };
		63C268E926F9FCB200B826E7 /* TopCollectionViewCell.xib */ = {isa = PBXFileReference; lastKnownFileType = file.xib; path = TopCollectionViewCell.xib; sourceTree = "<group>"; };
		63C268ED26F9FCCC00B826E7 /* BottomCollectionViewCell.swift */ = {isa = PBXFileReference; lastKnownFileType = sourcecode.swift; path = BottomCollectionViewCell.swift; sourceTree = "<group>"; };
		63C268EE26F9FCCC00B826E7 /* BottomCollectionViewCell.xib */ = {isa = PBXFileReference; lastKnownFileType = file.xib; path = BottomCollectionViewCell.xib; sourceTree = "<group>"; };
/* End PBXFileReference section */

/* Begin PBXFrameworksBuildPhase section */
		63C2689326F9DDB400B826E7 /* Frameworks */ = {
			isa = PBXFrameworksBuildPhase;
			buildActionMask = 2147483647;
			files = (
				635B35BF270DE5AA003109A1 /* SDWebImage in Frameworks */,
			);
			runOnlyForDeploymentPostprocessing = 0;
		};
/* End PBXFrameworksBuildPhase section */

/* Begin PBXGroup section */
		6336150D26FC5E19006B3688 /* Views */ = {
			isa = PBXGroup;
			children = (
				6336150E26FC5EFF006B3688 /* TitleView.swift */,
				6336150F26FC5EFF006B3688 /* TitleView.xib */,
			);
			path = Views;
			sourceTree = "<group>";
		};
		6336151326FC762A006B3688 /* DetailsScreen */ = {
			isa = PBXGroup;
			children = (
				6336151926FC76E1006B3688 /* DetailsScreenModels.swift */,
				6336151B26FC76E1006B3688 /* DetailsScreenAssembly.swift */,
				6336151C26FC76E1006B3688 /* DetailsScreenViewModel.swift */,
				6336151A26FC76E1006B3688 /* DetailsScreenViewController.swift */,
				6336151826FC76E1006B3688 /* DetailsScreenViewController.storyboard */,
			);
			path = DetailsScreen;
			sourceTree = "<group>";
		};
		6337A04A2710903000DCCB67 /* WebScreen */ = {
			isa = PBXGroup;
			children = (
				6337A04C2710907500DCCB67 /* WebScreenModels.swift */,
				6337A04E2710907500DCCB67 /* WebScreenAssembly.swift */,
				6337A04F2710907500DCCB67 /* WebScreenViewModel.swift */,
				6337A04D2710907500DCCB67 /* WebScreenViewController.swift */,
				6337A04B2710907500DCCB67 /* WebScreenViewController.storyboard */,
			);
			path = WebScreen;
			sourceTree = "<group>";
		};
		633DA2B327394C8300C25215 /* CoreData */ = {
			isa = PBXGroup;
			children = (
				633DA2B427394CE500C25215 /* DataBase.xcdatamodeld */,
				633DA2BD2739823E00C25215 /* DataModels.swift */,
			);
			path = CoreData;
			sourceTree = "<group>";
		};
		635B35AE270DC32F003109A1 /* Extensions */ = {
			isa = PBXGroup;
			children = (
				635B35AF270DC53E003109A1 /* String+Extensions.swift */,
			);
			path = Extensions;
			sourceTree = "<group>";
		};
		6378A9C22701F6DE00D60AE7 /* HTTP */ = {
			isa = PBXGroup;
			children = (
				6378A9C82701F85F00D60AE7 /* HTTPMethod.swift */,
				6378A9CC2701F95B00D60AE7 /* HTTPNetworkError.swift */,
				6378A9D02701FA0500D60AE7 /* HTTPNetworkRequest.swift */,
				6378A9D32701FB4900D60AE7 /* HTTPNetworkResponse.swift */,
			);
			path = HTTP;
			sourceTree = "<group>";
		};
		6378A9C32701F6EC00D60AE7 /* Encoding */ = {
			isa = PBXGroup;
			children = (
				6378A9D62701FEB100D60AE7 /* URLEncoder.swift */,
				6378A9D92702006100D60AE7 /* Result.swift */,
			);
			path = Encoding;
			sourceTree = "<group>";
		};
		6378A9C42701F6F500D60AE7 /* Service */ = {
			isa = PBXGroup;
			children = (
				6378A9DC2702018C00D60AE7 /* PostServices.swift */,
			);
			path = Service;
			sourceTree = "<group>";
		};
		63C2688D26F9DDB400B826E7 = {
			isa = PBXGroup;
			children = (
				633DA2B82739811400C25215 /* CDModelArticle+CoreDataClass.swift */,
				633DA2B92739811400C25215 /* CDModelArticle+CoreDataProperties.swift */,
				63C2689826F9DDB400B826E7 /* InfiniteScrolling */,
				63C2689726F9DDB400B826E7 /* Products */,
			);
			sourceTree = "<group>";
		};
		63C2689726F9DDB400B826E7 /* Products */ = {
			isa = PBXGroup;
			children = (
				63C2689626F9DDB400B826E7 /* InfiniteScrolling.app */,
			);
			name = Products;
			sourceTree = "<group>";
		};
		63C2689826F9DDB400B826E7 /* InfiniteScrolling */ = {
			isa = PBXGroup;
			children = (
				633DA2B327394C8300C25215 /* CoreData */,
				63C268D026F9EDBB00B826E7 /* CommonFiles */,
				63C2689926F9DDB400B826E7 /* AppDelegate.swift */,
				63C2689B26F9DDB400B826E7 /* SceneDelegate.swift */,
				63C268A426F9DDB600B826E7 /* LaunchScreen.storyboard */,
				63C268CC26F9E1B200B826E7 /* Resources */,
				635B35AE270DC32F003109A1 /* Extensions */,
				63C268CA26F9E14200B826E7 /* Networking */,
				6336150D26FC5E19006B3688 /* Views */,
				63C268AE26F9DE6600B826E7 /* MainScreen */,
				6336151326FC762A006B3688 /* DetailsScreen */,
				6337A04A2710903000DCCB67 /* WebScreen */,
			);
			path = InfiniteScrolling;
			sourceTree = "<group>";
		};
		63C268AE26F9DE6600B826E7 /* MainScreen */ = {
			isa = PBXGroup;
			children = (
				63C268BD26F9E12500B826E7 /* MainScreenDataSource.swift */,
				63C268BF26F9E12500B826E7 /* MainScreenModels.swift */,
				63C268C126F9E12500B826E7 /* MainScreenAssembly.swift */,
				63C268C226F9E12500B826E7 /* MainScreenViewModel.swift */,
				63C268C026F9E12500B826E7 /* MainScreenViewController.swift */,
				63C268BE26F9E12500B826E7 /* MainScreenViewController.storyboard */,
				63C268E626F9F3BD00B826E7 /* Cells */,
			);
			path = MainScreen;
			sourceTree = "<group>";
		};
		63C268CA26F9E14200B826E7 /* Networking */ = {
			isa = PBXGroup;
			children = (
				6378A9C22701F6DE00D60AE7 /* HTTP */,
				6378A9C32701F6EC00D60AE7 /* Encoding */,
				6378A9C42701F6F500D60AE7 /* Service */,
				6336152B26FDB0F2006B3688 /* ModelArticle.swift */,
			);
			path = Networking;
			sourceTree = "<group>";
		};
		63C268CC26F9E1B200B826E7 /* Resources */ = {
			isa = PBXGroup;
			children = (
				63C268A226F9DDB600B826E7 /* Assets.xcassets */,
				63C268A726F9DDB600B826E7 /* Info.plist */,
			);
			path = Resources;
			sourceTree = "<group>";
		};
		63C268D026F9EDBB00B826E7 /* CommonFiles */ = {
			isa = PBXGroup;
			children = (
				63C268D226F9EE0C00B826E7 /* Storyboard */,
				63C268D526F9EE0D00B826E7 /* View */,
			);
			path = CommonFiles;
			sourceTree = "<group>";
		};
		63C268D226F9EE0C00B826E7 /* Storyboard */ = {
			isa = PBXGroup;
			children = (
				63C268D326F9EE0C00B826E7 /* StoryboardSceneBased.swift */,
				63C268D426F9EE0C00B826E7 /* StoryboardBased.swift */,
			);
			path = Storyboard;
			sourceTree = "<group>";
		};
		63C268D526F9EE0D00B826E7 /* View */ = {
			isa = PBXGroup;
			children = (
				63C268D626F9EE0D00B826E7 /* UICollectionView+Reusable.swift */,
				63C268D726F9EE0D00B826E7 /* Reusable.swift */,
				63C268D826F9EE0D00B826E7 /* UITableView+Reusable.swift */,
				63C268D926F9EE0D00B826E7 /* NibLoadable.swift */,
				63C268DA26F9EE0D00B826E7 /* NibOwnerLoadable.swift */,
			);
			path = View;
			sourceTree = "<group>";
		};
		63C268E626F9F3BD00B826E7 /* Cells */ = {
			isa = PBXGroup;
			children = (
				63C268E826F9FCB200B826E7 /* TopCollectionViewCell.swift */,
				63C268E926F9FCB200B826E7 /* TopCollectionViewCell.xib */,
				63C268ED26F9FCCC00B826E7 /* BottomCollectionViewCell.swift */,
				63C268EE26F9FCCC00B826E7 /* BottomCollectionViewCell.xib */,
			);
			path = Cells;
			sourceTree = "<group>";
		};
/* End PBXGroup section */

/* Begin PBXNativeTarget section */
		63C2689526F9DDB400B826E7 /* InfiniteScrolling */ = {
			isa = PBXNativeTarget;
			buildConfigurationList = 63C268AA26F9DDB600B826E7 /* Build configuration list for PBXNativeTarget "InfiniteScrolling" */;
			buildPhases = (
				63C2689226F9DDB400B826E7 /* Sources */,
				63C2689326F9DDB400B826E7 /* Frameworks */,
				63C2689426F9DDB400B826E7 /* Resources */,
			);
			buildRules = (
			);
			dependencies = (
			);
			name = InfiniteScrolling;
			packageProductDependencies = (
				635B35BE270DE5AA003109A1 /* SDWebImage */,
			);
			productName = InfiniteScrolling;
			productReference = 63C2689626F9DDB400B826E7 /* InfiniteScrolling.app */;
			productType = "com.apple.product-type.application";
		};
/* End PBXNativeTarget section */

/* Begin PBXProject section */
		63C2688E26F9DDB400B826E7 /* Project object */ = {
			isa = PBXProject;
			attributes = {
				LastSwiftUpdateCheck = 1240;
				LastUpgradeCheck = 1240;
				TargetAttributes = {
					63C2689526F9DDB400B826E7 = {
						CreatedOnToolsVersion = 12.4;
					};
				};
			};
			buildConfigurationList = 63C2689126F9DDB400B826E7 /* Build configuration list for PBXProject "InfiniteScrolling" */;
			compatibilityVersion = "Xcode 9.3";
			developmentRegion = en;
			hasScannedForEncodings = 0;
			knownRegions = (
				en,
				Base,
			);
			mainGroup = 63C2688D26F9DDB400B826E7;
			packageReferences = (
				635B35BD270DE5AA003109A1 /* XCRemoteSwiftPackageReference "SDWebImage" */,
			);
			productRefGroup = 63C2689726F9DDB400B826E7 /* Products */;
			projectDirPath = "";
			projectRoot = "";
			targets = (
				63C2689526F9DDB400B826E7 /* InfiniteScrolling */,
			);
		};
/* End PBXProject section */

/* Begin PBXResourcesBuildPhase section */
		63C2689426F9DDB400B826E7 /* Resources */ = {
			isa = PBXResourcesBuildPhase;
			buildActionMask = 2147483647;
			files = (
				63C268EB26F9FCB200B826E7 /* TopCollectionViewCell.xib in Resources */,
				6336151D26FC76E1006B3688 /* DetailsScreenViewController.storyboard in Resources */,
				63C268A626F9DDB600B826E7 /* LaunchScreen.storyboard in Resources */,
				63C268F026F9FCCC00B826E7 /* BottomCollectionViewCell.xib in Resources */,
				63C268A326F9DDB600B826E7 /* Assets.xcassets in Resources */,
				63C268C426F9E12500B826E7 /* MainScreenViewController.storyboard in Resources */,
				6337A0502710907500DCCB67 /* WebScreenViewController.storyboard in Resources */,
				6336151126FC5EFF006B3688 /* TitleView.xib in Resources */,
			);
			runOnlyForDeploymentPostprocessing = 0;
		};
/* End PBXResourcesBuildPhase section */

/* Begin PBXSourcesBuildPhase section */
		63C2689226F9DDB400B826E7 /* Sources */ = {
			isa = PBXSourcesBuildPhase;
			buildActionMask = 2147483647;
			files = (
				63C268DE26F9EE0D00B826E7 /* Reusable.swift in Sources */,
				635B35B0270DC53E003109A1 /* String+Extensions.swift in Sources */,
				633DA2BB2739811400C25215 /* CDModelArticle+CoreDataProperties.swift in Sources */,
				63C268C726F9E12500B826E7 /* MainScreenAssembly.swift in Sources */,
				63C268DF26F9EE0D00B826E7 /* UITableView+Reusable.swift in Sources */,
				6336152C26FDB0F2006B3688 /* ModelArticle.swift in Sources */,
				6337A0522710907500DCCB67 /* WebScreenViewController.swift in Sources */,
				63C268E126F9EE0D00B826E7 /* NibOwnerLoadable.swift in Sources */,
				6337A0542710907500DCCB67 /* WebScreenViewModel.swift in Sources */,
				6378A9DA2702006100D60AE7 /* Result.swift in Sources */,
				6336151E26FC76E1006B3688 /* DetailsScreenModels.swift in Sources */,
				6378A9D12701FA0500D60AE7 /* HTTPNetworkRequest.swift in Sources */,
				63C268DD26F9EE0D00B826E7 /* UICollectionView+Reusable.swift in Sources */,
				6378A9D42701FB4900D60AE7 /* HTTPNetworkResponse.swift in Sources */,
				6378A9C92701F85F00D60AE7 /* HTTPMethod.swift in Sources */,
				63C268EF26F9FCCC00B826E7 /* BottomCollectionViewCell.swift in Sources */,
				63C268DB26F9EE0D00B826E7 /* StoryboardSceneBased.swift in Sources */,
				6378A9CD2701F95B00D60AE7 /* HTTPNetworkError.swift in Sources */,
				633DA2B627394CE500C25215 /* DataBase.xcdatamodeld in Sources */,
				63C268C326F9E12500B826E7 /* MainScreenDataSource.swift in Sources */,
				63C2689A26F9DDB400B826E7 /* AppDelegate.swift in Sources */,
				6337A0512710907500DCCB67 /* WebScreenModels.swift in Sources */,
				633DA2BA2739811400C25215 /* CDModelArticle+CoreDataClass.swift in Sources */,
				6336152126FC76E1006B3688 /* DetailsScreenViewModel.swift in Sources */,
				63C2689C26F9DDB400B826E7 /* SceneDelegate.swift in Sources */,
				63C268E026F9EE0D00B826E7 /* NibLoadable.swift in Sources */,
				63C268C826F9E12500B826E7 /* MainScreenViewModel.swift in Sources */,
				633DA2BE2739823E00C25215 /* DataModels.swift in Sources */,
				6378A9DD2702018C00D60AE7 /* PostServices.swift in Sources */,
				6336151026FC5EFF006B3688 /* TitleView.swift in Sources */,
				63C268C526F9E12500B826E7 /* MainScreenModels.swift in Sources */,
				63C268EA26F9FCB200B826E7 /* TopCollectionViewCell.swift in Sources */,
				6336152026FC76E1006B3688 /* DetailsScreenAssembly.swift in Sources */,
				6378A9D72701FEB100D60AE7 /* URLEncoder.swift in Sources */,
				6337A0532710907500DCCB67 /* WebScreenAssembly.swift in Sources */,
				6336151F26FC76E1006B3688 /* DetailsScreenViewController.swift in Sources */,
				63C268DC26F9EE0D00B826E7 /* StoryboardBased.swift in Sources */,
				63C268C626F9E12500B826E7 /* MainScreenViewController.swift in Sources */,
			);
			runOnlyForDeploymentPostprocessing = 0;
		};
/* End PBXSourcesBuildPhase section */

/* Begin PBXVariantGroup section */
		63C268A426F9DDB600B826E7 /* LaunchScreen.storyboard */ = {
			isa = PBXVariantGroup;
			children = (
				63C268A526F9DDB600B826E7 /* Base */,
			);
			name = LaunchScreen.storyboard;
			sourceTree = "<group>";
		};
/* End PBXVariantGroup section */

/* Begin XCBuildConfiguration section */
		63C268A826F9DDB600B826E7 /* Debug */ = {
			isa = XCBuildConfiguration;
			buildSettings = {
				ALWAYS_SEARCH_USER_PATHS = NO;
				CLANG_ANALYZER_NONNULL = YES;
				CLANG_ANALYZER_NUMBER_OBJECT_CONVERSION = YES_AGGRESSIVE;
				CLANG_CXX_LANGUAGE_STANDARD = "gnu++14";
				CLANG_CXX_LIBRARY = "libc++";
				CLANG_ENABLE_MODULES = YES;
				CLANG_ENABLE_OBJC_ARC = YES;
				CLANG_ENABLE_OBJC_WEAK = YES;
				CLANG_WARN_BLOCK_CAPTURE_AUTORELEASING = YES;
				CLANG_WARN_BOOL_CONVERSION = YES;
				CLANG_WARN_COMMA = YES;
				CLANG_WARN_CONSTANT_CONVERSION = YES;
				CLANG_WARN_DEPRECATED_OBJC_IMPLEMENTATIONS = YES;
				CLANG_WARN_DIRECT_OBJC_ISA_USAGE = YES_ERROR;
				CLANG_WARN_DOCUMENTATION_COMMENTS = YES;
				CLANG_WARN_EMPTY_BODY = YES;
				CLANG_WARN_ENUM_CONVERSION = YES;
				CLANG_WARN_INFINITE_RECURSION = YES;
				CLANG_WARN_INT_CONVERSION = YES;
				CLANG_WARN_NON_LITERAL_NULL_CONVERSION = YES;
				CLANG_WARN_OBJC_IMPLICIT_RETAIN_SELF = YES;
				CLANG_WARN_OBJC_LITERAL_CONVERSION = YES;
				CLANG_WARN_OBJC_ROOT_CLASS = YES_ERROR;
				CLANG_WARN_QUOTED_INCLUDE_IN_FRAMEWORK_HEADER = YES;
				CLANG_WARN_RANGE_LOOP_ANALYSIS = YES;
				CLANG_WARN_STRICT_PROTOTYPES = YES;
				CLANG_WARN_SUSPICIOUS_MOVE = YES;
				CLANG_WARN_UNGUARDED_AVAILABILITY = YES_AGGRESSIVE;
				CLANG_WARN_UNREACHABLE_CODE = YES;
				CLANG_WARN__DUPLICATE_METHOD_MATCH = YES;
				COPY_PHASE_STRIP = NO;
				DEBUG_INFORMATION_FORMAT = dwarf;
				ENABLE_STRICT_OBJC_MSGSEND = YES;
				ENABLE_TESTABILITY = YES;
				GCC_C_LANGUAGE_STANDARD = gnu11;
				GCC_DYNAMIC_NO_PIC = NO;
				GCC_NO_COMMON_BLOCKS = YES;
				GCC_OPTIMIZATION_LEVEL = 0;
				GCC_PREPROCESSOR_DEFINITIONS = (
					"DEBUG=1",
					"$(inherited)",
				);
				GCC_WARN_64_TO_32_BIT_CONVERSION = YES;
				GCC_WARN_ABOUT_RETURN_TYPE = YES_ERROR;
				GCC_WARN_UNDECLARED_SELECTOR = YES;
				GCC_WARN_UNINITIALIZED_AUTOS = YES_AGGRESSIVE;
				GCC_WARN_UNUSED_FUNCTION = YES;
				GCC_WARN_UNUSED_VARIABLE = YES;
				IPHONEOS_DEPLOYMENT_TARGET = 14.4;
				MTL_ENABLE_DEBUG_INFO = INCLUDE_SOURCE;
				MTL_FAST_MATH = YES;
				ONLY_ACTIVE_ARCH = YES;
				SDKROOT = iphoneos;
				SWIFT_ACTIVE_COMPILATION_CONDITIONS = DEBUG;
				SWIFT_OPTIMIZATION_LEVEL = "-Onone";
			};
			name = Debug;
		};
		63C268A926F9DDB600B826E7 /* Release */ = {
			isa = XCBuildConfiguration;
			buildSettings = {
				ALWAYS_SEARCH_USER_PATHS = NO;
				CLANG_ANALYZER_NONNULL = YES;
				CLANG_ANALYZER_NUMBER_OBJECT_CONVERSION = YES_AGGRESSIVE;
				CLANG_CXX_LANGUAGE_STANDARD = "gnu++14";
				CLANG_CXX_LIBRARY = "libc++";
				CLANG_ENABLE_MODULES = YES;
				CLANG_ENABLE_OBJC_ARC = YES;
				CLANG_ENABLE_OBJC_WEAK = YES;
				CLANG_WARN_BLOCK_CAPTURE_AUTORELEASING = YES;
				CLANG_WARN_BOOL_CONVERSION = YES;
				CLANG_WARN_COMMA = YES;
				CLANG_WARN_CONSTANT_CONVERSION = YES;
				CLANG_WARN_DEPRECATED_OBJC_IMPLEMENTATIONS = YES;
				CLANG_WARN_DIRECT_OBJC_ISA_USAGE = YES_ERROR;
				CLANG_WARN_DOCUMENTATION_COMMENTS = YES;
				CLANG_WARN_EMPTY_BODY = YES;
				CLANG_WARN_ENUM_CONVERSION = YES;
				CLANG_WARN_INFINITE_RECURSION = YES;
				CLANG_WARN_INT_CONVERSION = YES;
				CLANG_WARN_NON_LITERAL_NULL_CONVERSION = YES;
				CLANG_WARN_OBJC_IMPLICIT_RETAIN_SELF = YES;
				CLANG_WARN_OBJC_LITERAL_CONVERSION = YES;
				CLANG_WARN_OBJC_ROOT_CLASS = YES_ERROR;
				CLANG_WARN_QUOTED_INCLUDE_IN_FRAMEWORK_HEADER = YES;
				CLANG_WARN_RANGE_LOOP_ANALYSIS = YES;
				CLANG_WARN_STRICT_PROTOTYPES = YES;
				CLANG_WARN_SUSPICIOUS_MOVE = YES;
				CLANG_WARN_UNGUARDED_AVAILABILITY = YES_AGGRESSIVE;
				CLANG_WARN_UNREACHABLE_CODE = YES;
				CLANG_WARN__DUPLICATE_METHOD_MATCH = YES;
				COPY_PHASE_STRIP = NO;
				DEBUG_INFORMATION_FORMAT = "dwarf-with-dsym";
				ENABLE_NS_ASSERTIONS = NO;
				ENABLE_STRICT_OBJC_MSGSEND = YES;
				GCC_C_LANGUAGE_STANDARD = gnu11;
				GCC_NO_COMMON_BLOCKS = YES;
				GCC_WARN_64_TO_32_BIT_CONVERSION = YES;
				GCC_WARN_ABOUT_RETURN_TYPE = YES_ERROR;
				GCC_WARN_UNDECLARED_SELECTOR = YES;
				GCC_WARN_UNINITIALIZED_AUTOS = YES_AGGRESSIVE;
				GCC_WARN_UNUSED_FUNCTION = YES;
				GCC_WARN_UNUSED_VARIABLE = YES;
				IPHONEOS_DEPLOYMENT_TARGET = 14.4;
				MTL_ENABLE_DEBUG_INFO = NO;
				MTL_FAST_MATH = YES;
				SDKROOT = iphoneos;
				SWIFT_COMPILATION_MODE = wholemodule;
				SWIFT_OPTIMIZATION_LEVEL = "-O";
				VALIDATE_PRODUCT = YES;
			};
			name = Release;
		};
		63C268AB26F9DDB600B826E7 /* Debug */ = {
			isa = XCBuildConfiguration;
			buildSettings = {
				ASSETCATALOG_COMPILER_APPICON_NAME = AppIcon;
				ASSETCATALOG_COMPILER_GLOBAL_ACCENT_COLOR_NAME = AccentColor;
				CODE_SIGN_STYLE = Automatic;
				INFOPLIST_FILE = InfiniteScrolling/Resources/Info.plist;
				LD_RUNPATH_SEARCH_PATHS = (
					"$(inherited)",
					"@executable_path/Frameworks",
				);
				PRODUCT_BUNDLE_IDENTIFIER = com.abcloudz.s.koryagin.InfiniteScrolling;
				PRODUCT_NAME = "$(TARGET_NAME)";
				SWIFT_VERSION = 5.0;
				TARGETED_DEVICE_FAMILY = "1,2";
			};
			name = Debug;
		};
		63C268AC26F9DDB600B826E7 /* Release */ = {
			isa = XCBuildConfiguration;
			buildSettings = {
				ASSETCATALOG_COMPILER_APPICON_NAME = AppIcon;
				ASSETCATALOG_COMPILER_GLOBAL_ACCENT_COLOR_NAME = AccentColor;
				CODE_SIGN_STYLE = Automatic;
				INFOPLIST_FILE = InfiniteScrolling/Resources/Info.plist;
				LD_RUNPATH_SEARCH_PATHS = (
					"$(inherited)",
					"@executable_path/Frameworks",
				);
				PRODUCT_BUNDLE_IDENTIFIER = com.abcloudz.s.koryagin.InfiniteScrolling;
				PRODUCT_NAME = "$(TARGET_NAME)";
				SWIFT_VERSION = 5.0;
				TARGETED_DEVICE_FAMILY = "1,2";
			};
			name = Release;
		};
/* End XCBuildConfiguration section */

/* Begin XCConfigurationList section */
		63C2689126F9DDB400B826E7 /* Build configuration list for PBXProject "InfiniteScrolling" */ = {
			isa = XCConfigurationList;
			buildConfigurations = (
				63C268A826F9DDB600B826E7 /* Debug */,
				63C268A926F9DDB600B826E7 /* Release */,
			);
			defaultConfigurationIsVisible = 0;
			defaultConfigurationName = Release;
		};
		63C268AA26F9DDB600B826E7 /* Build configuration list for PBXNativeTarget "InfiniteScrolling" */ = {
			isa = XCConfigurationList;
			buildConfigurations = (
				63C268AB26F9DDB600B826E7 /* Debug */,
				63C268AC26F9DDB600B826E7 /* Release */,
			);
			defaultConfigurationIsVisible = 0;
			defaultConfigurationName = Release;
		};
/* End XCConfigurationList section */

/* Begin XCRemoteSwiftPackageReference section */
		635B35BD270DE5AA003109A1 /* XCRemoteSwiftPackageReference "SDWebImage" */ = {
			isa = XCRemoteSwiftPackageReference;
			repositoryURL = "https://github.com/SDWebImage/SDWebImage.git";
			requirement = {
				kind = upToNextMajorVersion;
				minimumVersion = 5.10.0;
			};
		};
/* End XCRemoteSwiftPackageReference section */

/* Begin XCSwiftPackageProductDependency section */
		635B35BE270DE5AA003109A1 /* SDWebImage */ = {
			isa = XCSwiftPackageProductDependency;
			package = 635B35BD270DE5AA003109A1 /* XCRemoteSwiftPackageReference "SDWebImage" */;
			productName = SDWebImage;
		};
/* End XCSwiftPackageProductDependency section */

/* Begin XCVersionGroup section */
		633DA2B427394CE500C25215 /* DataBase.xcdatamodeld */ = {
			isa = XCVersionGroup;
			children = (
				633DA2B527394CE500C25215 /* DataBase.xcdatamodel */,
			);
			currentVersion = 633DA2B527394CE500C25215 /* DataBase.xcdatamodel */;
			path = DataBase.xcdatamodeld;
			sourceTree = "<group>";
			versionGroupType = wrapper.xcdatamodel;
		};
/* End XCVersionGroup section */
	};
	rootObject = 63C2688E26F9DDB400B826E7 /* Project object */;
}
